
Microsoft Visual Studio Solution File, Format Version 12.00
# Visual Studio Version 17
VisualStudioVersion = 17.8.34330.188
MinimumVisualStudioVersion = 10.0.40219.1
Project("{FAE04EC0-301F-11D3-BF4B-00C04F79EFBC}") = "WebApplication1", "WebApplication1.csproj", "{8EBA2E63-248E-4F83-A537-49FCBF934FC2}"
EndProject
Global
	GlobalSection(SolutionConfigurationPlatforms) = preSolution
		Debug|Any CPU = Debug|Any CPU
		Release|Any CPU = Release|Any CPU
	EndGlobalSection
	GlobalSection(ProjectConfigurationPlatforms) = postSolution
		{8EBA2E63-248E-4F83-A537-49FCBF934FC2}.Debug|Any CPU.ActiveCfg = Debug|Any CPU
		{8EBA2E63-248E-4F83-A537-49FCBF934FC2}.Debug|Any CPU.Build.0 = Debug|Any CPU
		{8EBA2E63-248E-4F83-A537-49FCBF934FC2}.Release|Any CPU.ActiveCfg = Release|Any CPU
		{8EBA2E63-248E-4F83-A537-49FCBF934FC2}.Release|Any CPU.Build.0 = Release|Any CPU
	EndGlobalSection
	GlobalSection(SolutionProperties) = preSolution
		HideSolutionNode = FALSE
	EndGlobalSection
	GlobalSection(ExtensibilityGlobals) = postSolution
		SolutionGuid = {E7FD4E42-E575-47AB-862C-39C624161E24}
	EndGlobalSection
EndGlobal
